// !$*UTF8*$!
{
	archiveVersion = 1;
	classes = {
	};
	objectVersion = 56;
	objects = {

/* Begin PBXBuildFile section */
		264C66B32C6234A400CA4796 /* CameraLogic.swift in Sources */ = {isa = PBXBuildFile; fileRef = 264C66B22C6234A400CA4796 /* CameraLogic.swift */; };
		264C66B62C62350100CA4796 /* Injection in Frameworks */ = {isa = PBXBuildFile; productRef = 264C66B52C62350100CA4796 /* Injection */; };
		264C66B92C62356700CA4796 /* Dependencie.swift in Sources */ = {isa = PBXBuildFile; fileRef = 264C66B82C62356700CA4796 /* Dependencie.swift */; };
		264C66BC2C62357A00CA4796 /* MultiCam in Frameworks */ = {isa = PBXBuildFile; productRef = 264C66BB2C62357A00CA4796 /* MultiCam */; };
		264C66BF2C6237C900CA4796 /* PreviewLayerAdaptor.swift in Sources */ = {isa = PBXBuildFile; fileRef = 264C66BE2C6237C900CA4796 /* PreviewLayerAdaptor.swift */; };
		264C66C42C6238F000CA4796 /* CameraLogicProtocol.swift in Sources */ = {isa = PBXBuildFile; fileRef = 264C66C32C6238F000CA4796 /* CameraLogicProtocol.swift */; };
		264C66C92C623B3400CA4796 /* CameraViewModel.swift in Sources */ = {isa = PBXBuildFile; fileRef = 264C66C82C623B3400CA4796 /* CameraViewModel.swift */; };
		264C66CD2C6284F800CA4796 /* ResultedImageViewController.swift in Sources */ = {isa = PBXBuildFile; fileRef = 264C66CC2C6284F800CA4796 /* ResultedImageViewController.swift */; };
		264C66D02C6286AC00CA4796 /* FinalImageLogic.swift in Sources */ = {isa = PBXBuildFile; fileRef = 264C66CF2C6286AC00CA4796 /* FinalImageLogic.swift */; };
		264C66D42C6287C800CA4796 /* FinalImageLogicProtocol.swift in Sources */ = {isa = PBXBuildFile; fileRef = 264C66D32C6287C800CA4796 /* FinalImageLogicProtocol.swift */; };
		264C66D72C6288CA00CA4796 /* FinalImageViewModel.swift in Sources */ = {isa = PBXBuildFile; fileRef = 264C66D62C6288CA00CA4796 /* FinalImageViewModel.swift */; };
		266EC8A12C5F9B4F0080F8B1 /* AppDelegate.swift in Sources */ = {isa = PBXBuildFile; fileRef = 266EC8A02C5F9B4F0080F8B1 /* AppDelegate.swift */; };
		266EC8A32C5F9B4F0080F8B1 /* SceneDelegate.swift in Sources */ = {isa = PBXBuildFile; fileRef = 266EC8A22C5F9B4F0080F8B1 /* SceneDelegate.swift */; };
		266EC8A52C5F9B4F0080F8B1 /* CameraViewController.swift in Sources */ = {isa = PBXBuildFile; fileRef = 266EC8A42C5F9B4F0080F8B1 /* CameraViewController.swift */; };
		266EC8A82C5F9B4F0080F8B1 /* Base in Resources */ = {isa = PBXBuildFile; fileRef = 266EC8A72C5F9B4F0080F8B1 /* Base */; };
		266EC8AA2C5F9B510080F8B1 /* Assets.xcassets in Resources */ = {isa = PBXBuildFile; fileRef = 266EC8A92C5F9B510080F8B1 /* Assets.xcassets */; };
		266EC8AD2C5F9B510080F8B1 /* Base in Resources */ = {isa = PBXBuildFile; fileRef = 266EC8AC2C5F9B510080F8B1 /* Base */; };
		266EC8B72C5FA0240080F8B1 /* CameraPreview.swift in Sources */ = {isa = PBXBuildFile; fileRef = 266EC8B62C5FA0240080F8B1 /* CameraPreview.swift */; };
		26779FA62C64EEBA0026158C /* UIView+Extension.swift in Sources */ = {isa = PBXBuildFile; fileRef = 26779FA52C64EEBA0026158C /* UIView+Extension.swift */; };
		26F84B2B2C691BE8008244EB /* SharingImageOption.swift in Sources */ = {isa = PBXBuildFile; fileRef = 26F84B2A2C691BE8008244EB /* SharingImageOption.swift */; };
/* End PBXBuildFile section */

/* Begin PBXFileReference section */
		264C66B02C6216A400CA4796 /* MultiCam */ = {isa = PBXFileReference; lastKnownFileType = wrapper; path = MultiCam; sourceTree = "<group>"; };
		264C66B22C6234A400CA4796 /* CameraLogic.swift */ = {isa = PBXFileReference; lastKnownFileType = sourcecode.swift; path = CameraLogic.swift; sourceTree = "<group>"; };
		264C66B82C62356700CA4796 /* Dependencie.swift */ = {isa = PBXFileReference; lastKnownFileType = sourcecode.swift; path = Dependencie.swift; sourceTree = "<group>"; };
		264C66BE2C6237C900CA4796 /* PreviewLayerAdaptor.swift */ = {isa = PBXFileReference; lastKnownFileType = sourcecode.swift; path = PreviewLayerAdaptor.swift; sourceTree = "<group>"; };
		264C66C32C6238F000CA4796 /* CameraLogicProtocol.swift */ = {isa = PBXFileReference; lastKnownFileType = sourcecode.swift; path = CameraLogicProtocol.swift; sourceTree = "<group>"; };
		264C66C82C623B3400CA4796 /* CameraViewModel.swift */ = {isa = PBXFileReference; lastKnownFileType = sourcecode.swift; path = CameraViewModel.swift; sourceTree = "<group>"; };
		264C66CC2C6284F800CA4796 /* ResultedImageViewController.swift */ = {isa = PBXFileReference; lastKnownFileType = sourcecode.swift; path = ResultedImageViewController.swift; sourceTree = "<group>"; };
		264C66CF2C6286AC00CA4796 /* FinalImageLogic.swift */ = {isa = PBXFileReference; lastKnownFileType = sourcecode.swift; path = FinalImageLogic.swift; sourceTree = "<group>"; };
		264C66D32C6287C800CA4796 /* FinalImageLogicProtocol.swift */ = {isa = PBXFileReference; lastKnownFileType = sourcecode.swift; path = FinalImageLogicProtocol.swift; sourceTree = "<group>"; };
		264C66D62C6288CA00CA4796 /* FinalImageViewModel.swift */ = {isa = PBXFileReference; lastKnownFileType = sourcecode.swift; path = FinalImageViewModel.swift; sourceTree = "<group>"; };
		266EC89D2C5F9B4F0080F8B1 /* BeRealCamerRoll.app */ = {isa = PBXFileReference; explicitFileType = wrapper.application; includeInIndex = 0; path = BeRealCamerRoll.app; sourceTree = BUILT_PRODUCTS_DIR; };
		266EC8A02C5F9B4F0080F8B1 /* AppDelegate.swift */ = {isa = PBXFileReference; lastKnownFileType = sourcecode.swift; path = AppDelegate.swift; sourceTree = "<group>"; };
		266EC8A22C5F9B4F0080F8B1 /* SceneDelegate.swift */ = {isa = PBXFileReference; lastKnownFileType = sourcecode.swift; path = SceneDelegate.swift; sourceTree = "<group>"; };
		266EC8A42C5F9B4F0080F8B1 /* CameraViewController.swift */ = {isa = PBXFileReference; lastKnownFileType = sourcecode.swift; path = CameraViewController.swift; sourceTree = "<group>"; };
		266EC8A72C5F9B4F0080F8B1 /* Base */ = {isa = PBXFileReference; lastKnownFileType = file.storyboard; name = Base; path = Base.lproj/Main.storyboard; sourceTree = "<group>"; };
		266EC8A92C5F9B510080F8B1 /* Assets.xcassets */ = {isa = PBXFileReference; lastKnownFileType = folder.assetcatalog; path = Assets.xcassets; sourceTree = "<group>"; };
		266EC8AC2C5F9B510080F8B1 /* Base */ = {isa = PBXFileReference; lastKnownFileType = file.storyboard; name = Base; path = Base.lproj/LaunchScreen.storyboard; sourceTree = "<group>"; };
		266EC8AE2C5F9B510080F8B1 /* Info.plist */ = {isa = PBXFileReference; lastKnownFileType = text.plist.xml; path = Info.plist; sourceTree = "<group>"; };
		266EC8B62C5FA0240080F8B1 /* CameraPreview.swift */ = {isa = PBXFileReference; lastKnownFileType = sourcecode.swift; path = CameraPreview.swift; sourceTree = "<group>"; };
		26779FA52C64EEBA0026158C /* UIView+Extension.swift */ = {isa = PBXFileReference; lastKnownFileType = sourcecode.swift; path = "UIView+Extension.swift"; sourceTree = "<group>"; };
		26F84B2A2C691BE8008244EB /* SharingImageOption.swift */ = {isa = PBXFileReference; lastKnownFileType = sourcecode.swift; path = SharingImageOption.swift; sourceTree = "<group>"; };
/* End PBXFileReference section */

/* Begin PBXFrameworksBuildPhase section */
		266EC89A2C5F9B4F0080F8B1 /* Frameworks */ = {
			isa = PBXFrameworksBuildPhase;
			buildActionMask = 2147483647;
			files = (
				264C66BC2C62357A00CA4796 /* MultiCam in Frameworks */,
				264C66B62C62350100CA4796 /* Injection in Frameworks */,
			);
			runOnlyForDeploymentPostprocessing = 0;
		};
/* End PBXFrameworksBuildPhase section */

/* Begin PBXGroup section */
		264C66AE2C6215E900CA4796 /* Packages */ = {
			isa = PBXGroup;
			children = (
				264C66B02C6216A400CA4796 /* MultiCam */,
			);
			path = Packages;
			sourceTree = "<group>";
		};
		264C66AF2C6215F500CA4796 /* AppDelegates */ = {
			isa = PBXGroup;
			children = (
				266EC8A02C5F9B4F0080F8B1 /* AppDelegate.swift */,
				266EC8A22C5F9B4F0080F8B1 /* SceneDelegate.swift */,
			);
			path = AppDelegates;
			sourceTree = "<group>";
		};
		264C66B12C62348E00CA4796 /* BussinesLogic */ = {
			isa = PBXGroup;
			children = (
				264C66CE2C62868C00CA4796 /* FinalImageLogic */,
				264C66C02C6238C100CA4796 /* CameraLogic */,
			);
			path = BussinesLogic;
			sourceTree = "<group>";
		};
		264C66B72C62350C00CA4796 /* Dependencie */ = {
			isa = PBXGroup;
			children = (
				264C66B82C62356700CA4796 /* Dependencie.swift */,
			);
			path = Dependencie;
			sourceTree = "<group>";
		};
		264C66BA2C62357A00CA4796 /* Frameworks */ = {
			isa = PBXGroup;
			children = (
			);
			name = Frameworks;
			sourceTree = "<group>";
		};
		264C66BD2C6237AC00CA4796 /* Adaptors */ = {
			isa = PBXGroup;
			children = (
				264C66BE2C6237C900CA4796 /* PreviewLayerAdaptor.swift */,
			);
			path = Adaptors;
			sourceTree = "<group>";
		};
		264C66C02C6238C100CA4796 /* CameraLogic */ = {
			isa = PBXGroup;
			children = (
				264C66C22C6238DC00CA4796 /* model */,
				264C66C12C6238CE00CA4796 /* protocols */,
			);
			path = CameraLogic;
			sourceTree = "<group>";
		};
		264C66C12C6238CE00CA4796 /* protocols */ = {
			isa = PBXGroup;
			children = (
				264C66C32C6238F000CA4796 /* CameraLogicProtocol.swift */,
			);
			path = protocols;
			sourceTree = "<group>";
		};
		264C66C22C6238DC00CA4796 /* model */ = {
			isa = PBXGroup;
			children = (
				264C66B22C6234A400CA4796 /* CameraLogic.swift */,
			);
			path = model;
			sourceTree = "<group>";
		};
		264C66C52C623A9900CA4796 /* CameraView */ = {
			isa = PBXGroup;
			children = (
				264C66C72C623AA800CA4796 /* ViewModel */,
				264C66C62C623AA200CA4796 /* VC */,
			);
			path = CameraView;
			sourceTree = "<group>";
		};
		264C66C62C623AA200CA4796 /* VC */ = {
			isa = PBXGroup;
			children = (
				266EC8A42C5F9B4F0080F8B1 /* CameraViewController.swift */,
			);
			path = VC;
			sourceTree = "<group>";
		};
		264C66C72C623AA800CA4796 /* ViewModel */ = {
			isa = PBXGroup;
			children = (
				264C66C82C623B3400CA4796 /* CameraViewModel.swift */,
			);
			path = ViewModel;
			sourceTree = "<group>";
		};
		264C66CA2C6284CC00CA4796 /* ResultedImageView */ = {
			isa = PBXGroup;
			children = (
				264C66D52C6288AC00CA4796 /* ViewModel */,
				264C66CB2C6284DF00CA4796 /* VC */,
			);
			path = ResultedImageView;
			sourceTree = "<group>";
		};
		264C66CB2C6284DF00CA4796 /* VC */ = {
			isa = PBXGroup;
			children = (
				264C66CC2C6284F800CA4796 /* ResultedImageViewController.swift */,
			);
			path = VC;
			sourceTree = "<group>";
		};
		264C66CE2C62868C00CA4796 /* FinalImageLogic */ = {
			isa = PBXGroup;
			children = (
				264C66D22C6287B800CA4796 /* protocol */,
				264C66D12C6287B100CA4796 /* Model */,
			);
			path = FinalImageLogic;
			sourceTree = "<group>";
		};
		264C66D12C6287B100CA4796 /* Model */ = {
			isa = PBXGroup;
			children = (
				264C66CF2C6286AC00CA4796 /* FinalImageLogic.swift */,
			);
			path = Model;
			sourceTree = "<group>";
		};
		264C66D22C6287B800CA4796 /* protocol */ = {
			isa = PBXGroup;
			children = (
				264C66D32C6287C800CA4796 /* FinalImageLogicProtocol.swift */,
			);
			path = protocol;
			sourceTree = "<group>";
		};
		264C66D52C6288AC00CA4796 /* ViewModel */ = {
			isa = PBXGroup;
			children = (
				264C66D62C6288CA00CA4796 /* FinalImageViewModel.swift */,
			);
			path = ViewModel;
			sourceTree = "<group>";
		};
		266EC8942C5F9B4F0080F8B1 = {
			isa = PBXGroup;
			children = (
				266EC89F2C5F9B4F0080F8B1 /* BeRealCamerRoll */,
				266EC89E2C5F9B4F0080F8B1 /* Products */,
				264C66BA2C62357A00CA4796 /* Frameworks */,
			);
			sourceTree = "<group>";
		};
		266EC89E2C5F9B4F0080F8B1 /* Products */ = {
			isa = PBXGroup;
			children = (
				266EC89D2C5F9B4F0080F8B1 /* BeRealCamerRoll.app */,
			);
			name = Products;
			sourceTree = "<group>";
		};
		266EC89F2C5F9B4F0080F8B1 /* BeRealCamerRoll */ = {
			isa = PBXGroup;
			children = (
				266EC8AE2C5F9B510080F8B1 /* Info.plist */,
				266EC8A92C5F9B510080F8B1 /* Assets.xcassets */,
				264C66BD2C6237AC00CA4796 /* Adaptors */,
				264C66AF2C6215F500CA4796 /* AppDelegates */,
				264C66B12C62348E00CA4796 /* BussinesLogic */,
				26779FA32C64EE970026158C /* DataTypes */,
				264C66B72C62350C00CA4796 /* Dependencie */,
				264C66AE2C6215E900CA4796 /* Packages */,
				266EC8B52C5F9FF10080F8B1 /* storyBoards */,
				266EC8B42C5F9FDF0080F8B1 /* Views */,
			);
			path = BeRealCamerRoll;
			sourceTree = "<group>";
		};
		266EC8B42C5F9FDF0080F8B1 /* Views */ = {
			isa = PBXGroup;
			children = (
				264C66C52C623A9900CA4796 /* CameraView */,
				264C66CA2C6284CC00CA4796 /* ResultedImageView */,
			);
			path = Views;
			sourceTree = "<group>";
		};
		266EC8B52C5F9FF10080F8B1 /* storyBoards */ = {
			isa = PBXGroup;
			children = (
				266EC8A62C5F9B4F0080F8B1 /* Main.storyboard */,
				266EC8AB2C5F9B510080F8B1 /* LaunchScreen.storyboard */,
				266EC8B62C5FA0240080F8B1 /* CameraPreview.swift */,
			);
			path = storyBoards;
			sourceTree = "<group>";
		};
		26779FA32C64EE970026158C /* DataTypes */ = {
			isa = PBXGroup;
			children = (
				26F84B292C691BC4008244EB /* Enums */,
				26779FA42C64EEA00026158C /* Extensions */,
			);
			path = DataTypes;
			sourceTree = "<group>";
		};
		26779FA42C64EEA00026158C /* Extensions */ = {
			isa = PBXGroup;
			children = (
				26779FA52C64EEBA0026158C /* UIView+Extension.swift */,
			);
			path = Extensions;
			sourceTree = "<group>";
		};
		26F84B292C691BC4008244EB /* Enums */ = {
			isa = PBXGroup;
			children = (
				26F84B2A2C691BE8008244EB /* SharingImageOption.swift */,
			);
			path = Enums;
			sourceTree = "<group>";
		};
/* End PBXGroup section */

/* Begin PBXNativeTarget section */
		266EC89C2C5F9B4F0080F8B1 /* BeRealCamerRoll */ = {
			isa = PBXNativeTarget;
			buildConfigurationList = 266EC8B12C5F9B510080F8B1 /* Build configuration list for PBXNativeTarget "BeRealCamerRoll" */;
			buildPhases = (
				266EC8992C5F9B4F0080F8B1 /* Sources */,
				266EC89A2C5F9B4F0080F8B1 /* Frameworks */,
				266EC89B2C5F9B4F0080F8B1 /* Resources */,
			);
			buildRules = (
			);
			dependencies = (
			);
			name = BeRealCamerRoll;
			packageProductDependencies = (
				264C66B52C62350100CA4796 /* Injection */,
				264C66BB2C62357A00CA4796 /* MultiCam */,
			);
			productName = BeRealCamerRoll;
			productReference = 266EC89D2C5F9B4F0080F8B1 /* BeRealCamerRoll.app */;
			productType = "com.apple.product-type.application";
		};
/* End PBXNativeTarget section */

/* Begin PBXProject section */
		266EC8952C5F9B4F0080F8B1 /* Project object */ = {
			isa = PBXProject;
			attributes = {
				BuildIndependentTargetsInParallel = 1;
				LastSwiftUpdateCheck = 1530;
				LastUpgradeCheck = 1530;
				TargetAttributes = {
					266EC89C2C5F9B4F0080F8B1 = {
						CreatedOnToolsVersion = 15.3;
					};
				};
			};
			buildConfigurationList = 266EC8982C5F9B4F0080F8B1 /* Build configuration list for PBXProject "BeRealCamerRoll" */;
			compatibilityVersion = "Xcode 14.0";
			developmentRegion = en;
			hasScannedForEncodings = 0;
			knownRegions = (
				en,
				Base,
			);
			mainGroup = 266EC8942C5F9B4F0080F8B1;
			packageReferences = (
				264C66B42C62350100CA4796 /* XCRemoteSwiftPackageReference "Injection" */,
			);
			productRefGroup = 266EC89E2C5F9B4F0080F8B1 /* Products */;
			projectDirPath = "";
			projectRoot = "";
			targets = (
				266EC89C2C5F9B4F0080F8B1 /* BeRealCamerRoll */,
			);
		};
/* End PBXProject section */

/* Begin PBXResourcesBuildPhase section */
		266EC89B2C5F9B4F0080F8B1 /* Resources */ = {
			isa = PBXResourcesBuildPhase;
			buildActionMask = 2147483647;
			files = (
				266EC8AA2C5F9B510080F8B1 /* Assets.xcassets in Resources */,
				266EC8AD2C5F9B510080F8B1 /* Base in Resources */,
				266EC8A82C5F9B4F0080F8B1 /* Base in Resources */,
			);
			runOnlyForDeploymentPostprocessing = 0;
		};
/* End PBXResourcesBuildPhase section */

/* Begin PBXSourcesBuildPhase section */
		266EC8992C5F9B4F0080F8B1 /* Sources */ = {
			isa = PBXSourcesBuildPhase;
			buildActionMask = 2147483647;
			files = (
				264C66BF2C6237C900CA4796 /* PreviewLayerAdaptor.swift in Sources */,
				26F84B2B2C691BE8008244EB /* SharingImageOption.swift in Sources */,
				266EC8A52C5F9B4F0080F8B1 /* CameraViewController.swift in Sources */,
				264C66CD2C6284F800CA4796 /* ResultedImageViewController.swift in Sources */,
				264C66B92C62356700CA4796 /* Dependencie.swift in Sources */,
				264C66D72C6288CA00CA4796 /* FinalImageViewModel.swift in Sources */,
				266EC8B72C5FA0240080F8B1 /* CameraPreview.swift in Sources */,
				266EC8A12C5F9B4F0080F8B1 /* AppDelegate.swift in Sources */,
				264C66D02C6286AC00CA4796 /* FinalImageLogic.swift in Sources */,
				26779FA62C64EEBA0026158C /* UIView+Extension.swift in Sources */,
				264C66C92C623B3400CA4796 /* CameraViewModel.swift in Sources */,
				264C66C42C6238F000CA4796 /* CameraLogicProtocol.swift in Sources */,
				264C66D42C6287C800CA4796 /* FinalImageLogicProtocol.swift in Sources */,
				264C66B32C6234A400CA4796 /* CameraLogic.swift in Sources */,
				266EC8A32C5F9B4F0080F8B1 /* SceneDelegate.swift in Sources */,
			);
			runOnlyForDeploymentPostprocessing = 0;
		};
/* End PBXSourcesBuildPhase section */

/* Begin PBXVariantGroup section */
		266EC8A62C5F9B4F0080F8B1 /* Main.storyboard */ = {
			isa = PBXVariantGroup;
			children = (
				266EC8A72C5F9B4F0080F8B1 /* Base */,
			);
			name = Main.storyboard;
			sourceTree = "<group>";
		};
		266EC8AB2C5F9B510080F8B1 /* LaunchScreen.storyboard */ = {
			isa = PBXVariantGroup;
			children = (
				266EC8AC2C5F9B510080F8B1 /* Base */,
			);
			name = LaunchScreen.storyboard;
			sourceTree = "<group>";
		};
/* End PBXVariantGroup section */

/* Begin XCBuildConfiguration section */
		266EC8AF2C5F9B510080F8B1 /* Debug */ = {
			isa = XCBuildConfiguration;
			buildSettings = {
				ALWAYS_SEARCH_USER_PATHS = NO;
				ASSETCATALOG_COMPILER_GENERATE_SWIFT_ASSET_SYMBOL_EXTENSIONS = YES;
				CLANG_ANALYZER_NONNULL = YES;
				CLANG_ANALYZER_NUMBER_OBJECT_CONVERSION = YES_AGGRESSIVE;
				CLANG_CXX_LANGUAGE_STANDARD = "gnu++20";
				CLANG_ENABLE_MODULES = YES;
				CLANG_ENABLE_OBJC_ARC = YES;
				CLANG_ENABLE_OBJC_WEAK = YES;
				CLANG_WARN_BLOCK_CAPTURE_AUTORELEASING = YES;
				CLANG_WARN_BOOL_CONVERSION = YES;
				CLANG_WARN_COMMA = YES;
				CLANG_WARN_CONSTANT_CONVERSION = YES;
				CLANG_WARN_DEPRECATED_OBJC_IMPLEMENTATIONS = YES;
				CLANG_WARN_DIRECT_OBJC_ISA_USAGE = YES_ERROR;
				CLANG_WARN_DOCUMENTATION_COMMENTS = YES;
				CLANG_WARN_EMPTY_BODY = YES;
				CLANG_WARN_ENUM_CONVERSION = YES;
				CLANG_WARN_INFINITE_RECURSION = YES;
				CLANG_WARN_INT_CONVERSION = YES;
				CLANG_WARN_NON_LITERAL_NULL_CONVERSION = YES;
				CLANG_WARN_OBJC_IMPLICIT_RETAIN_SELF = YES;
				CLANG_WARN_OBJC_LITERAL_CONVERSION = YES;
				CLANG_WARN_OBJC_ROOT_CLASS = YES_ERROR;
				CLANG_WARN_QUOTED_INCLUDE_IN_FRAMEWORK_HEADER = YES;
				CLANG_WARN_RANGE_LOOP_ANALYSIS = YES;
				CLANG_WARN_STRICT_PROTOTYPES = YES;
				CLANG_WARN_SUSPICIOUS_MOVE = YES;
				CLANG_WARN_UNGUARDED_AVAILABILITY = YES_AGGRESSIVE;
				CLANG_WARN_UNREACHABLE_CODE = YES;
				CLANG_WARN__DUPLICATE_METHOD_MATCH = YES;
				COPY_PHASE_STRIP = NO;
				DEBUG_INFORMATION_FORMAT = dwarf;
				ENABLE_STRICT_OBJC_MSGSEND = YES;
				ENABLE_TESTABILITY = YES;
				ENABLE_USER_SCRIPT_SANDBOXING = YES;
				GCC_C_LANGUAGE_STANDARD = gnu17;
				GCC_DYNAMIC_NO_PIC = NO;
				GCC_NO_COMMON_BLOCKS = YES;
				GCC_OPTIMIZATION_LEVEL = 0;
				GCC_PREPROCESSOR_DEFINITIONS = (
					"DEBUG=1",
					"$(inherited)",
				);
				GCC_WARN_64_TO_32_BIT_CONVERSION = YES;
				GCC_WARN_ABOUT_RETURN_TYPE = YES_ERROR;
				GCC_WARN_UNDECLARED_SELECTOR = YES;
				GCC_WARN_UNINITIALIZED_AUTOS = YES_AGGRESSIVE;
				GCC_WARN_UNUSED_FUNCTION = YES;
				GCC_WARN_UNUSED_VARIABLE = YES;
				IPHONEOS_DEPLOYMENT_TARGET = 17.4;
				LOCALIZATION_PREFERS_STRING_CATALOGS = YES;
				MTL_ENABLE_DEBUG_INFO = INCLUDE_SOURCE;
				MTL_FAST_MATH = YES;
				ONLY_ACTIVE_ARCH = YES;
				SDKROOT = iphoneos;
				SWIFT_ACTIVE_COMPILATION_CONDITIONS = "DEBUG $(inherited)";
				SWIFT_OPTIMIZATION_LEVEL = "-Onone";
			};
			name = Debug;
		};
		266EC8B02C5F9B510080F8B1 /* Release */ = {
			isa = XCBuildConfiguration;
			buildSettings = {
				ALWAYS_SEARCH_USER_PATHS = NO;
				ASSETCATALOG_COMPILER_GENERATE_SWIFT_ASSET_SYMBOL_EXTENSIONS = YES;
				CLANG_ANALYZER_NONNULL = YES;
				CLANG_ANALYZER_NUMBER_OBJECT_CONVERSION = YES_AGGRESSIVE;
				CLANG_CXX_LANGUAGE_STANDARD = "gnu++20";
				CLANG_ENABLE_MODULES = YES;
				CLANG_ENABLE_OBJC_ARC = YES;
				CLANG_ENABLE_OBJC_WEAK = YES;
				CLANG_WARN_BLOCK_CAPTURE_AUTORELEASING = YES;
				CLANG_WARN_BOOL_CONVERSION = YES;
				CLANG_WARN_COMMA = YES;
				CLANG_WARN_CONSTANT_CONVERSION = YES;
				CLANG_WARN_DEPRECATED_OBJC_IMPLEMENTATIONS = YES;
				CLANG_WARN_DIRECT_OBJC_ISA_USAGE = YES_ERROR;
				CLANG_WARN_DOCUMENTATION_COMMENTS = YES;
				CLANG_WARN_EMPTY_BODY = YES;
				CLANG_WARN_ENUM_CONVERSION = YES;
				CLANG_WARN_INFINITE_RECURSION = YES;
				CLANG_WARN_INT_CONVERSION = YES;
				CLANG_WARN_NON_LITERAL_NULL_CONVERSION = YES;
				CLANG_WARN_OBJC_IMPLICIT_RETAIN_SELF = YES;
				CLANG_WARN_OBJC_LITERAL_CONVERSION = YES;
				CLANG_WARN_OBJC_ROOT_CLASS = YES_ERROR;
				CLANG_WARN_QUOTED_INCLUDE_IN_FRAMEWORK_HEADER = YES;
				CLANG_WARN_RANGE_LOOP_ANALYSIS = YES;
				CLANG_WARN_STRICT_PROTOTYPES = YES;
				CLANG_WARN_SUSPICIOUS_MOVE = YES;
				CLANG_WARN_UNGUARDED_AVAILABILITY = YES_AGGRESSIVE;
				CLANG_WARN_UNREACHABLE_CODE = YES;
				CLANG_WARN__DUPLICATE_METHOD_MATCH = YES;
				COPY_PHASE_STRIP = NO;
				DEBUG_INFORMATION_FORMAT = "dwarf-with-dsym";
				ENABLE_NS_ASSERTIONS = NO;
				ENABLE_STRICT_OBJC_MSGSEND = YES;
				ENABLE_USER_SCRIPT_SANDBOXING = YES;
				GCC_C_LANGUAGE_STANDARD = gnu17;
				GCC_NO_COMMON_BLOCKS = YES;
				GCC_WARN_64_TO_32_BIT_CONVERSION = YES;
				GCC_WARN_ABOUT_RETURN_TYPE = YES_ERROR;
				GCC_WARN_UNDECLARED_SELECTOR = YES;
				GCC_WARN_UNINITIALIZED_AUTOS = YES_AGGRESSIVE;
				GCC_WARN_UNUSED_FUNCTION = YES;
				GCC_WARN_UNUSED_VARIABLE = YES;
				IPHONEOS_DEPLOYMENT_TARGET = 17.4;
				LOCALIZATION_PREFERS_STRING_CATALOGS = YES;
				MTL_ENABLE_DEBUG_INFO = NO;
				MTL_FAST_MATH = YES;
				SDKROOT = iphoneos;
				SWIFT_COMPILATION_MODE = wholemodule;
				VALIDATE_PRODUCT = YES;
			};
			name = Release;
		};
		266EC8B22C5F9B510080F8B1 /* Debug */ = {
			isa = XCBuildConfiguration;
			buildSettings = {
				ASSETCATALOG_COMPILER_APPICON_NAME = AppIcon;
				ASSETCATALOG_COMPILER_GLOBAL_ACCENT_COLOR_NAME = AccentColor;
				CODE_SIGN_STYLE = Automatic;
				CURRENT_PROJECT_VERSION = 1;
				DEVELOPMENT_TEAM = 9PYC9KWKRS;
				GENERATE_INFOPLIST_FILE = YES;
				INFOPLIST_FILE = BeRealCamerRoll/Info.plist;
				INFOPLIST_KEY_CFBundleDisplayName = MultiCam;
				INFOPLIST_KEY_NSCameraUsageDescription = "Allow access to the camera to be able to take pictures through the app";
				INFOPLIST_KEY_NSPhotoLibraryUsageDescription = "This app saves images to your photot library";
				INFOPLIST_KEY_UIApplicationSupportsIndirectInputEvents = YES;
				INFOPLIST_KEY_UILaunchStoryboardName = LaunchScreen;
				INFOPLIST_KEY_UIMainStoryboardFile = Main;
				INFOPLIST_KEY_UISupportedInterfaceOrientations = UIInterfaceOrientationPortrait;
				INFOPLIST_KEY_UISupportedInterfaceOrientations_iPad = "UIInterfaceOrientationLandscapeLeft UIInterfaceOrientationLandscapeRight UIInterfaceOrientationPortrait UIInterfaceOrientationPortraitUpsideDown";
				INFOPLIST_KEY_UIUserInterfaceStyle = Dark;
				IPHONEOS_DEPLOYMENT_TARGET = 16.0;
				LD_RUNPATH_SEARCH_PATHS = (
					"$(inherited)",
					"@executable_path/Frameworks",
				);
				MARKETING_VERSION = 1.0;
				PRODUCT_BUNDLE_IDENTIFIER = com.deveagency.BeRealCamerRoll;
				PRODUCT_NAME = "$(TARGET_NAME)";
				SUPPORTED_PLATFORMS = "iphoneos iphonesimulator";
				SUPPORTS_MACCATALYST = NO;
				SUPPORTS_MAC_DESIGNED_FOR_IPHONE_IPAD = NO;
				SUPPORTS_XR_DESIGNED_FOR_IPHONE_IPAD = NO;
				SWIFT_EMIT_LOC_STRINGS = YES;
				SWIFT_VERSION = 5.0;
				TARGETED_DEVICE_FAMILY = 1;
			};
			name = Debug;
		};
		266EC8B32C5F9B510080F8B1 /* Release */ = {
			isa = XCBuildConfiguration;
			buildSettings = {
				ASSETCATALOG_COMPILER_APPICON_NAME = AppIcon;
				ASSETCATALOG_COMPILER_GLOBAL_ACCENT_COLOR_NAME = AccentColor;
				CODE_SIGN_STYLE = Automatic;
				CURRENT_PROJECT_VERSION = 1;
				DEVELOPMENT_TEAM = 9PYC9KWKRS;
				GENERATE_INFOPLIST_FILE = YES;
				INFOPLIST_FILE = BeRealCamerRoll/Info.plist;
				INFOPLIST_KEY_CFBundleDisplayName = MultiCam;
				INFOPLIST_KEY_NSCameraUsageDescription = "Allow access to the camera to be able to take pictures through the app";
				INFOPLIST_KEY_NSPhotoLibraryUsageDescription = "This app saves images to your photot library";
				INFOPLIST_KEY_UIApplicationSupportsIndirectInputEvents = YES;
				INFOPLIST_KEY_UILaunchStoryboardName = LaunchScreen;
				INFOPLIST_KEY_UIMainStoryboardFile = Main;
				INFOPLIST_KEY_UISupportedInterfaceOrientations = UIInterfaceOrientationPortrait;
				INFOPLIST_KEY_UISupportedInterfaceOrientations_iPad = "UIInterfaceOrientationLandscapeLeft UIInterfaceOrientationLandscapeRight UIInterfaceOrientationPortrait UIInterfaceOrientationPortraitUpsideDown";
				INFOPLIST_KEY_UIUserInterfaceStyle = Dark;
				IPHONEOS_DEPLOYMENT_TARGET = 16.0;
				LD_RUNPATH_SEARCH_PATHS = (
					"$(inherited)",
					"@executable_path/Frameworks",
				);
				MARKETING_VERSION = 1.0;
				PRODUCT_BUNDLE_IDENTIFIER = com.deveagency.BeRealCamerRoll;
				PRODUCT_NAME = "$(TARGET_NAME)";
				SUPPORTED_PLATFORMS = "iphoneos iphonesimulator";
				SUPPORTS_MACCATALYST = NO;
				SUPPORTS_MAC_DESIGNED_FOR_IPHONE_IPAD = NO;
				SUPPORTS_XR_DESIGNED_FOR_IPHONE_IPAD = NO;
				SWIFT_EMIT_LOC_STRINGS = YES;
				SWIFT_VERSION = 5.0;
				TARGETED_DEVICE_FAMILY = 1;
			};
			name = Release;
		};
/* End XCBuildConfiguration section */

/* Begin XCConfigurationList section */
		266EC8982C5F9B4F0080F8B1 /* Build configuration list for PBXProject "BeRealCamerRoll" */ = {
			isa = XCConfigurationList;
			buildConfigurations = (
				266EC8AF2C5F9B510080F8B1 /* Debug */,
				266EC8B02C5F9B510080F8B1 /* Release */,
			);
			defaultConfigurationIsVisible = 0;
			defaultConfigurationName = Release;
		};
		266EC8B12C5F9B510080F8B1 /* Build configuration list for PBXNativeTarget "BeRealCamerRoll" */ = {
			isa = XCConfigurationList;
			buildConfigurations = (
				266EC8B22C5F9B510080F8B1 /* Debug */,
				266EC8B32C5F9B510080F8B1 /* Release */,
			);
			defaultConfigurationIsVisible = 0;
			defaultConfigurationName = Release;
		};
/* End XCConfigurationList section */

/* Begin XCRemoteSwiftPackageReference section */
		264C66B42C62350100CA4796 /* XCRemoteSwiftPackageReference "Injection" */ = {
			isa = XCRemoteSwiftPackageReference;
			repositoryURL = "https://github.com/EngOmarElsayed/Injection";
			requirement = {
				kind = upToNextMajorVersion;
				minimumVersion = 1.4.0;
			};
		};
/* End XCRemoteSwiftPackageReference section */

/* Begin XCSwiftPackageProductDependency section */
		264C66B52C62350100CA4796 /* Injection */ = {
			isa = XCSwiftPackageProductDependency;
			package = 264C66B42C62350100CA4796 /* XCRemoteSwiftPackageReference "Injection" */;
			productName = Injection;
		};
		264C66BB2C62357A00CA4796 /* MultiCam */ = {
			isa = XCSwiftPackageProductDependency;
			productName = MultiCam;
		};
/* End XCSwiftPackageProductDependency section */
	};
	rootObject = 266EC8952C5F9B4F0080F8B1 /* Project object */;
}
